
Microsoft Visual Studio Solution File, Format Version 12.00
# Visual Studio Version 17
VisualStudioVersion = 17.10.35122.118
MinimumVisualStudioVersion = 10.0.40219.1
Project("{FAE04EC0-301F-11D3-BF4B-00C04F79EFBC}") = "Relatório de presenças", "Relatório de presenças.csproj", "{DFF1620E-6954-48EC-90AA-FBF344B6E533}"
EndProject
Global
	GlobalSection(SolutionConfigurationPlatforms) = preSolution
		Debug|Any CPU = Debug|Any CPU
		Release|Any CPU = Release|Any CPU
	EndGlobalSection
	GlobalSection(ProjectConfigurationPlatforms) = postSolution
		{DFF1620E-6954-48EC-90AA-FBF344B6E533}.Debug|Any CPU.ActiveCfg = Debug|Any CPU
		{DFF1620E-6954-48EC-90AA-FBF344B6E533}.Debug|Any CPU.Build.0 = Debug|Any CPU
		{DFF1620E-6954-48EC-90AA-FBF344B6E533}.Release|Any CPU.ActiveCfg = Release|Any CPU
		{DFF1620E-6954-48EC-90AA-FBF344B6E533}.Release|Any CPU.Build.0 = Release|Any CPU
	EndGlobalSection
	GlobalSection(SolutionProperties) = preSolution
		HideSolutionNode = FALSE
	EndGlobalSection
	GlobalSection(ExtensibilityGlobals) = postSolution
		SolutionGuid = {5E966C79-28BD-4481-84AB-572DA0147DCD}
	EndGlobalSection
EndGlobal
